{
  "pins" : [
    {
      "identity" : "bankcustomerqueue",
      "kind" : "remoteSourceControl",
      "location" : "https://github.com/jjpush/BankCustomerQueue.git",
      "state" : {
        "branch" : "main",
        "revision" : "d8020c6f8fee9b9e8ca76c8203bbba42c94d81ab"
      }
    }
  ],
  "version" : 2
}
